// !$*UTF8*$!
{
	archiveVersion = 1;
	classes = {
	};
	objectVersion = 50;
	objects = {

/* Begin PBXBuildFile section */
		5E6B85B1C3D8CBAC0D09AF5B /* Pods_TetrisDiffingCompetition.framework in Frameworks */ = {isa = PBXBuildFile; fileRef = 6004EF95B454C045EE8C1D6A /* Pods_TetrisDiffingCompetition.framework */; };
		F443969621308CA200EBA362 /* TetrisViewController.swift in Sources */ = {isa = PBXBuildFile; fileRef = F443969421308CA200EBA362 /* TetrisViewController.swift */; };
		F443969921308E4100EBA362 /* Tetris.storyboard in Resources */ = {isa = PBXBuildFile; fileRef = F443969821308E4000EBA362 /* Tetris.storyboard */; };
		F443969C2130B7F200EBA362 /* DifferTetrisAdapter.swift in Sources */ = {isa = PBXBuildFile; fileRef = F443969B2130B7F200EBA362 /* DifferTetrisAdapter.swift */; };
		F443969F2130BC0600EBA362 /* DwifftTetrisAdapter.swift in Sources */ = {isa = PBXBuildFile; fileRef = F443969E2130BC0600EBA362 /* DwifftTetrisAdapter.swift */; };
		F4CF0E5321307ADC0017E405 /* AppDelegate.swift in Sources */ = {isa = PBXBuildFile; fileRef = F4CF0E5221307ADC0017E405 /* AppDelegate.swift */; };
		F4CF0E5521307ADC0017E405 /* MenuViewController.swift in Sources */ = {isa = PBXBuildFile; fileRef = F4CF0E5421307ADC0017E405 /* MenuViewController.swift */; };
		F4CF0E5A21307ADD0017E405 /* Assets.xcassets in Resources */ = {isa = PBXBuildFile; fileRef = F4CF0E5921307ADD0017E405 /* Assets.xcassets */; };
		F4CF0E5D21307ADE0017E405 /* LaunchScreen.storyboard in Resources */ = {isa = PBXBuildFile; fileRef = F4CF0E5B21307ADE0017E405 /* LaunchScreen.storyboard */; };
		F4CF0E6821307C160017E405 /* Tetris.swift in Sources */ = {isa = PBXBuildFile; fileRef = F4CF0E6521307C160017E405 /* Tetris.swift */; };
		F4CF0E6E21307C3A0017E405 /* DataSource.swift in Sources */ = {isa = PBXBuildFile; fileRef = F4CF0E6C21307C3A0017E405 /* DataSource.swift */; };
		F4CF0E6F21307C3A0017E405 /* BatchChanges.swift in Sources */ = {isa = PBXBuildFile; fileRef = F4CF0E6D21307C3A0017E405 /* BatchChanges.swift */; };
		F4DE1FE321307DFB0062E0C2 /* TetrisAdapter.swift in Sources */ = {isa = PBXBuildFile; fileRef = F4DE1FE221307DFB0062E0C2 /* TetrisAdapter.swift */; };
		F4DE1FE521307E5D0062E0C2 /* SKRBatchUpdatesTetrisAdapter.swift in Sources */ = {isa = PBXBuildFile; fileRef = F4DE1FE421307E5D0062E0C2 /* SKRBatchUpdatesTetrisAdapter.swift */; };
		F4DE1FE82130814E0062E0C2 /* Common.swift in Sources */ = {isa = PBXBuildFile; fileRef = F4DE1FE72130814E0062E0C2 /* Common.swift */; };
		F4DE1FEA2130825C0062E0C2 /* UIViewController+common.swift in Sources */ = {isa = PBXBuildFile; fileRef = F4DE1FE92130825C0062E0C2 /* UIViewController+common.swift */; };
		F4DE1FEC213082D60062E0C2 /* RootViewController.swift in Sources */ = {isa = PBXBuildFile; fileRef = F4DE1FEB213082D60062E0C2 /* RootViewController.swift */; };
		F4DE1FEF2130869E0062E0C2 /* DifferenceKitTetrisAdapter.swift in Sources */ = {isa = PBXBuildFile; fileRef = F4DE1FEE2130869E0062E0C2 /* DifferenceKitTetrisAdapter.swift */; };
/* End PBXBuildFile section */

/* Begin PBXFileReference section */
		6004EF95B454C045EE8C1D6A /* Pods_TetrisDiffingCompetition.framework */ = {isa = PBXFileReference; explicitFileType = wrapper.framework; includeInIndex = 0; path = Pods_TetrisDiffingCompetition.framework; sourceTree = BUILT_PRODUCTS_DIR; };
		CF215A6B6807AE060E3DF3C3 /* Pods-TetrisDiffingCompetition.release.xcconfig */ = {isa = PBXFileReference; includeInIndex = 1; lastKnownFileType = text.xcconfig; name = "Pods-TetrisDiffingCompetition.release.xcconfig"; path = "Pods/Target Support Files/Pods-TetrisDiffingCompetition/Pods-TetrisDiffingCompetition.release.xcconfig"; sourceTree = "<group>"; };
		D16FA5BA7E6E071DBFB3AA06 /* Pods-TetrisDiffingCompetition.debug.xcconfig */ = {isa = PBXFileReference; includeInIndex = 1; lastKnownFileType = text.xcconfig; name = "Pods-TetrisDiffingCompetition.debug.xcconfig"; path = "Pods/Target Support Files/Pods-TetrisDiffingCompetition/Pods-TetrisDiffingCompetition.debug.xcconfig"; sourceTree = "<group>"; };
		F443969421308CA200EBA362 /* TetrisViewController.swift */ = {isa = PBXFileReference; lastKnownFileType = sourcecode.swift; path = TetrisViewController.swift; sourceTree = "<group>"; };
		F443969821308E4000EBA362 /* Tetris.storyboard */ = {isa = PBXFileReference; fileEncoding = 4; lastKnownFileType = file.storyboard; path = Tetris.storyboard; sourceTree = "<group>"; };
		F443969B2130B7F200EBA362 /* DifferTetrisAdapter.swift */ = {isa = PBXFileReference; lastKnownFileType = sourcecode.swift; path = DifferTetrisAdapter.swift; sourceTree = "<group>"; };
		F443969E2130BC0600EBA362 /* DwifftTetrisAdapter.swift */ = {isa = PBXFileReference; lastKnownFileType = sourcecode.swift; path = DwifftTetrisAdapter.swift; sourceTree = "<group>"; };
		F4CF0E4F21307ADC0017E405 /* TetrisDiffingCompetition.app */ = {isa = PBXFileReference; explicitFileType = wrapper.application; includeInIndex = 0; path = TetrisDiffingCompetition.app; sourceTree = BUILT_PRODUCTS_DIR; };
		F4CF0E5221307ADC0017E405 /* AppDelegate.swift */ = {isa = PBXFileReference; lastKnownFileType = sourcecode.swift; path = AppDelegate.swift; sourceTree = "<group>"; };
		F4CF0E5421307ADC0017E405 /* MenuViewController.swift */ = {isa = PBXFileReference; lastKnownFileType = sourcecode.swift; path = MenuViewController.swift; sourceTree = "<group>"; };
		F4CF0E5921307ADD0017E405 /* Assets.xcassets */ = {isa = PBXFileReference; lastKnownFileType = folder.assetcatalog; path = Assets.xcassets; sourceTree = "<group>"; };
		F4CF0E5C21307ADE0017E405 /* Base */ = {isa = PBXFileReference; lastKnownFileType = file.storyboard; name = Base; path = Base.lproj/LaunchScreen.storyboard; sourceTree = "<group>"; };
		F4CF0E5E21307ADE0017E405 /* Info.plist */ = {isa = PBXFileReference; lastKnownFileType = text.plist.xml; path = Info.plist; sourceTree = "<group>"; };
		F4CF0E6521307C160017E405 /* Tetris.swift */ = {isa = PBXFileReference; fileEncoding = 4; lastKnownFileType = sourcecode.swift; path = Tetris.swift; sourceTree = "<group>"; };
		F4CF0E6C21307C3A0017E405 /* DataSource.swift */ = {isa = PBXFileReference; fileEncoding = 4; lastKnownFileType = sourcecode.swift; path = DataSource.swift; sourceTree = "<group>"; };
		F4CF0E6D21307C3A0017E405 /* BatchChanges.swift */ = {isa = PBXFileReference; fileEncoding = 4; lastKnownFileType = sourcecode.swift; path = BatchChanges.swift; sourceTree = "<group>"; };
		F4DE1FE221307DFB0062E0C2 /* TetrisAdapter.swift */ = {isa = PBXFileReference; lastKnownFileType = sourcecode.swift; path = TetrisAdapter.swift; sourceTree = "<group>"; };
		F4DE1FE421307E5D0062E0C2 /* SKRBatchUpdatesTetrisAdapter.swift */ = {isa = PBXFileReference; lastKnownFileType = sourcecode.swift; path = SKRBatchUpdatesTetrisAdapter.swift; sourceTree = "<group>"; };
		F4DE1FE72130814E0062E0C2 /* Common.swift */ = {isa = PBXFileReference; lastKnownFileType = sourcecode.swift; path = Common.swift; sourceTree = "<group>"; };
		F4DE1FE92130825C0062E0C2 /* UIViewController+common.swift */ = {isa = PBXFileReference; lastKnownFileType = sourcecode.swift; path = "UIViewController+common.swift"; sourceTree = "<group>"; };
		F4DE1FEB213082D60062E0C2 /* RootViewController.swift */ = {isa = PBXFileReference; lastKnownFileType = sourcecode.swift; path = RootViewController.swift; sourceTree = "<group>"; };
		F4DE1FEE2130869E0062E0C2 /* DifferenceKitTetrisAdapter.swift */ = {isa = PBXFileReference; lastKnownFileType = sourcecode.swift; path = DifferenceKitTetrisAdapter.swift; sourceTree = "<group>"; };
/* End PBXFileReference section */

/* Begin PBXFrameworksBuildPhase section */
		F4CF0E4C21307ADC0017E405 /* Frameworks */ = {
			isa = PBXFrameworksBuildPhase;
			buildActionMask = 2147483647;
			files = (
				5E6B85B1C3D8CBAC0D09AF5B /* Pods_TetrisDiffingCompetition.framework in Frameworks */,
			);
			runOnlyForDeploymentPostprocessing = 0;
		};
/* End PBXFrameworksBuildPhase section */

/* Begin PBXGroup section */
		9264EF236F10753A7081E6E8 /* Pods */ = {
			isa = PBXGroup;
			children = (
				D16FA5BA7E6E071DBFB3AA06 /* Pods-TetrisDiffingCompetition.debug.xcconfig */,
				CF215A6B6807AE060E3DF3C3 /* Pods-TetrisDiffingCompetition.release.xcconfig */,
			);
			name = Pods;
			sourceTree = "<group>";
		};
		DDF87C87F43CDB2E106535AA /* Frameworks */ = {
			isa = PBXGroup;
			children = (
				6004EF95B454C045EE8C1D6A /* Pods_TetrisDiffingCompetition.framework */,
			);
			name = Frameworks;
			sourceTree = "<group>";
		};
		F443969A2130B7D600EBA362 /* Differ */ = {
			isa = PBXGroup;
			children = (
				F443969B2130B7F200EBA362 /* DifferTetrisAdapter.swift */,
			);
			path = Differ;
			sourceTree = "<group>";
		};
		F443969D2130BBED00EBA362 /* Dwifft */ = {
			isa = PBXGroup;
			children = (
				F443969E2130BC0600EBA362 /* DwifftTetrisAdapter.swift */,
			);
			path = Dwifft;
			sourceTree = "<group>";
		};
		F4CF0E4621307ADC0017E405 = {
			isa = PBXGroup;
			children = (
				F4CF0E5121307ADC0017E405 /* TetrisDiffingCompetition */,
				F4CF0E5021307ADC0017E405 /* Products */,
				9264EF236F10753A7081E6E8 /* Pods */,
				DDF87C87F43CDB2E106535AA /* Frameworks */,
			);
			sourceTree = "<group>";
		};
		F4CF0E5021307ADC0017E405 /* Products */ = {
			isa = PBXGroup;
			children = (
				F4CF0E4F21307ADC0017E405 /* TetrisDiffingCompetition.app */,
			);
			name = Products;
			sourceTree = "<group>";
		};
		F4CF0E5121307ADC0017E405 /* TetrisDiffingCompetition */ = {
			isa = PBXGroup;
			children = (
				F4DE1FDF21307D770062E0C2 /* Main */,
				F4DE1FDE21307D6C0062E0C2 /* Adapters */,
				F4DE1FE021307D810062E0C2 /* Tetris */,
				F4DE1FE6213081390062E0C2 /* Common */,
			);
			path = TetrisDiffingCompetition;
			sourceTree = "<group>";
		};
		F4CF0E6B21307C280017E405 /* SKRBatchUpdates */ = {
			isa = PBXGroup;
			children = (
				F4CF0E6C21307C3A0017E405 /* DataSource.swift */,
				F4CF0E6D21307C3A0017E405 /* BatchChanges.swift */,
				F4DE1FE421307E5D0062E0C2 /* SKRBatchUpdatesTetrisAdapter.swift */,
			);
			path = SKRBatchUpdates;
			sourceTree = "<group>";
		};
		F4DE1FDE21307D6C0062E0C2 /* Adapters */ = {
			isa = PBXGroup;
			children = (
				F443969D2130BBED00EBA362 /* Dwifft */,
				F443969A2130B7D600EBA362 /* Differ */,
				F4CF0E6B21307C280017E405 /* SKRBatchUpdates */,
				F4DE1FED213086760062E0C2 /* DifferenceKit */,
				F4DE1FE221307DFB0062E0C2 /* TetrisAdapter.swift */,
			);
			path = Adapters;
			sourceTree = "<group>";
		};
		F4DE1FDF21307D770062E0C2 /* Main */ = {
			isa = PBXGroup;
			children = (
				F4CF0E5921307ADD0017E405 /* Assets.xcassets */,
				F4CF0E5B21307ADE0017E405 /* LaunchScreen.storyboard */,
				F4CF0E5E21307ADE0017E405 /* Info.plist */,
				F4CF0E5221307ADC0017E405 /* AppDelegate.swift */,
				F4DE1FEB213082D60062E0C2 /* RootViewController.swift */,
				F4CF0E5421307ADC0017E405 /* MenuViewController.swift */,
			);
			path = Main;
			sourceTree = "<group>";
		};
		F4DE1FE021307D810062E0C2 /* Tetris */ = {
			isa = PBXGroup;
			children = (
				F443969821308E4000EBA362 /* Tetris.storyboard */,
				F443969421308CA200EBA362 /* TetrisViewController.swift */,
				F4CF0E6521307C160017E405 /* Tetris.swift */,
			);
			path = Tetris;
			sourceTree = "<group>";
		};
		F4DE1FE6213081390062E0C2 /* Common */ = {
			isa = PBXGroup;
			children = (
				F4DE1FE72130814E0062E0C2 /* Common.swift */,
				F4DE1FE92130825C0062E0C2 /* UIViewController+common.swift */,
			);
			path = Common;
			sourceTree = "<group>";
		};
		F4DE1FED213086760062E0C2 /* DifferenceKit */ = {
			isa = PBXGroup;
			children = (
				F4DE1FEE2130869E0062E0C2 /* DifferenceKitTetrisAdapter.swift */,
			);
			path = DifferenceKit;
			sourceTree = "<group>";
		};
/* End PBXGroup section */

/* Begin PBXNativeTarget section */
		F4CF0E4E21307ADC0017E405 /* TetrisDiffingCompetition */ = {
			isa = PBXNativeTarget;
			buildConfigurationList = F4CF0E6121307ADE0017E405 /* Build configuration list for PBXNativeTarget "TetrisDiffingCompetition" */;
			buildPhases = (
				54A304F732451C77F82CBC1B /* [CP] Check Pods Manifest.lock */,
				F4CF0E4B21307ADC0017E405 /* Sources */,
				F4CF0E4C21307ADC0017E405 /* Frameworks */,
				F4CF0E4D21307ADC0017E405 /* Resources */,
				07BFD236A9E6E2B588AE7BD7 /* [CP] Embed Pods Frameworks */,
			);
			buildRules = (
			);
			dependencies = (
			);
			name = TetrisDiffingCompetition;
			productName = TetrisDiffingCompetition;
			productReference = F4CF0E4F21307ADC0017E405 /* TetrisDiffingCompetition.app */;
			productType = "com.apple.product-type.application";
		};
/* End PBXNativeTarget section */

/* Begin PBXProject section */
		F4CF0E4721307ADC0017E405 /* Project object */ = {
			isa = PBXProject;
			attributes = {
				LastSwiftUpdateCheck = 1000;
				LastUpgradeCheck = 1000;
				ORGANIZATIONNAME = "Simon Kågedal Reimer";
				TargetAttributes = {
					F4CF0E4E21307ADC0017E405 = {
						CreatedOnToolsVersion = 10.0;
					};
				};
			};
			buildConfigurationList = F4CF0E4A21307ADC0017E405 /* Build configuration list for PBXProject "TetrisDiffingCompetition" */;
			compatibilityVersion = "Xcode 9.3";
			developmentRegion = en;
			hasScannedForEncodings = 0;
			knownRegions = (
				en,
				Base,
			);
			mainGroup = F4CF0E4621307ADC0017E405;
			productRefGroup = F4CF0E5021307ADC0017E405 /* Products */;
			projectDirPath = "";
			projectRoot = "";
			targets = (
				F4CF0E4E21307ADC0017E405 /* TetrisDiffingCompetition */,
			);
		};
/* End PBXProject section */

/* Begin PBXResourcesBuildPhase section */
		F4CF0E4D21307ADC0017E405 /* Resources */ = {
			isa = PBXResourcesBuildPhase;
			buildActionMask = 2147483647;
			files = (
				F443969921308E4100EBA362 /* Tetris.storyboard in Resources */,
				F4CF0E5D21307ADE0017E405 /* LaunchScreen.storyboard in Resources */,
				F4CF0E5A21307ADD0017E405 /* Assets.xcassets in Resources */,
			);
			runOnlyForDeploymentPostprocessing = 0;
		};
/* End PBXResourcesBuildPhase section */

/* Begin PBXShellScriptBuildPhase section */
		07BFD236A9E6E2B588AE7BD7 /* [CP] Embed Pods Frameworks */ = {
			isa = PBXShellScriptBuildPhase;
			buildActionMask = 2147483647;
			files = (
			);
			inputPaths = (
				"${SRCROOT}/Pods/Target Support Files/Pods-TetrisDiffingCompetition/Pods-TetrisDiffingCompetition-frameworks.sh",
				"${BUILT_PRODUCTS_DIR}/Differ/Differ.framework",
				"${BUILT_PRODUCTS_DIR}/DifferenceKit/DifferenceKit.framework",
				"${BUILT_PRODUCTS_DIR}/Dwifft/Dwifft.framework",
			);
			name = "[CP] Embed Pods Frameworks";
			outputPaths = (
				"${TARGET_BUILD_DIR}/${FRAMEWORKS_FOLDER_PATH}/Differ.framework",
				"${TARGET_BUILD_DIR}/${FRAMEWORKS_FOLDER_PATH}/DifferenceKit.framework",
				"${TARGET_BUILD_DIR}/${FRAMEWORKS_FOLDER_PATH}/Dwifft.framework",
			);
			runOnlyForDeploymentPostprocessing = 0;
			shellPath = /bin/sh;
			shellScript = "\"${SRCROOT}/Pods/Target Support Files/Pods-TetrisDiffingCompetition/Pods-TetrisDiffingCompetition-frameworks.sh\"\n";
			showEnvVarsInLog = 0;
		};
		54A304F732451C77F82CBC1B /* [CP] Check Pods Manifest.lock */ = {
			isa = PBXShellScriptBuildPhase;
			buildActionMask = 2147483647;
			files = (
			);
			inputPaths = (
				"${PODS_PODFILE_DIR_PATH}/Podfile.lock",
				"${PODS_ROOT}/Manifest.lock",
			);
			name = "[CP] Check Pods Manifest.lock";
			outputPaths = (
				"$(DERIVED_FILE_DIR)/Pods-TetrisDiffingCompetition-checkManifestLockResult.txt",
			);
			runOnlyForDeploymentPostprocessing = 0;
			shellPath = /bin/sh;
			shellScript = "diff \"${PODS_PODFILE_DIR_PATH}/Podfile.lock\" \"${PODS_ROOT}/Manifest.lock\" > /dev/null\nif [ $? != 0 ] ; then\n    # print error to STDERR\n    echo \"error: The sandbox is not in sync with the Podfile.lock. Run 'pod install' or update your CocoaPods installation.\" >&2\n    exit 1\nfi\n# This output is used by Xcode 'outputs' to avoid re-running this script phase.\necho \"SUCCESS\" > \"${SCRIPT_OUTPUT_FILE_0}\"\n";
			showEnvVarsInLog = 0;
		};
/* End PBXShellScriptBuildPhase section */

/* Begin PBXSourcesBuildPhase section */
		F4CF0E4B21307ADC0017E405 /* Sources */ = {
			isa = PBXSourcesBuildPhase;
			buildActionMask = 2147483647;
			files = (
				F4CF0E5521307ADC0017E405 /* MenuViewController.swift in Sources */,
				F443969C2130B7F200EBA362 /* DifferTetrisAdapter.swift in Sources */,
				F4DE1FE321307DFB0062E0C2 /* TetrisAdapter.swift in Sources */,
				F4CF0E5321307ADC0017E405 /* AppDelegate.swift in Sources */,
				F4DE1FEC213082D60062E0C2 /* RootViewController.swift in Sources */,
				F4DE1FEF2130869E0062E0C2 /* DifferenceKitTetrisAdapter.swift in Sources */,
				F443969F2130BC0600EBA362 /* DwifftTetrisAdapter.swift in Sources */,
				F4DE1FEA2130825C0062E0C2 /* UIViewController+common.swift in Sources */,
				F4CF0E6821307C160017E405 /* Tetris.swift in Sources */,
				F443969621308CA200EBA362 /* TetrisViewController.swift in Sources */,
				F4DE1FE82130814E0062E0C2 /* Common.swift in Sources */,
				F4CF0E6E21307C3A0017E405 /* DataSource.swift in Sources */,
				F4DE1FE521307E5D0062E0C2 /* SKRBatchUpdatesTetrisAdapter.swift in Sources */,
				F4CF0E6F21307C3A0017E405 /* BatchChanges.swift in Sources */,
			);
			runOnlyForDeploymentPostprocessing = 0;
		};
/* End PBXSourcesBuildPhase section */

/* Begin PBXVariantGroup section */
		F4CF0E5B21307ADE0017E405 /* LaunchScreen.storyboard */ = {
			isa = PBXVariantGroup;
			children = (
				F4CF0E5C21307ADE0017E405 /* Base */,
			);
			name = LaunchScreen.storyboard;
			sourceTree = "<group>";
		};
/* End PBXVariantGroup section */

/* Begin XCBuildConfiguration section */
		F4CF0E5F21307ADE0017E405 /* Debug */ = {
			isa = XCBuildConfiguration;
			buildSettings = {
				ALWAYS_SEARCH_USER_PATHS = NO;
				CLANG_ANALYZER_NONNULL = YES;
				CLANG_ANALYZER_NUMBER_OBJECT_CONVERSION = YES_AGGRESSIVE;
				CLANG_CXX_LANGUAGE_STANDARD = "gnu++14";
				CLANG_CXX_LIBRARY = "libc++";
				CLANG_ENABLE_MODULES = YES;
				CLANG_ENABLE_OBJC_ARC = YES;
				CLANG_ENABLE_OBJC_WEAK = YES;
				CLANG_WARN_BLOCK_CAPTURE_AUTORELEASING = YES;
				CLANG_WARN_BOOL_CONVERSION = YES;
				CLANG_WARN_COMMA = YES;
				CLANG_WARN_CONSTANT_CONVERSION = YES;
				CLANG_WARN_DEPRECATED_OBJC_IMPLEMENTATIONS = YES;
				CLANG_WARN_DIRECT_OBJC_ISA_USAGE = YES_ERROR;
				CLANG_WARN_DOCUMENTATION_COMMENTS = YES;
				CLANG_WARN_EMPTY_BODY = YES;
				CLANG_WARN_ENUM_CONVERSION = YES;
				CLANG_WARN_INFINITE_RECURSION = YES;
				CLANG_WARN_INT_CONVERSION = YES;
				CLANG_WARN_NON_LITERAL_NULL_CONVERSION = YES;
				CLANG_WARN_OBJC_IMPLICIT_RETAIN_SELF = YES;
				CLANG_WARN_OBJC_LITERAL_CONVERSION = YES;
				CLANG_WARN_OBJC_ROOT_CLASS = YES_ERROR;
				CLANG_WARN_RANGE_LOOP_ANALYSIS = YES;
				CLANG_WARN_STRICT_PROTOTYPES = YES;
				CLANG_WARN_SUSPICIOUS_MOVE = YES;
				CLANG_WARN_UNGUARDED_AVAILABILITY = YES_AGGRESSIVE;
				CLANG_WARN_UNREACHABLE_CODE = YES;
				CLANG_WARN__DUPLICATE_METHOD_MATCH = YES;
				CODE_SIGN_IDENTITY = "iPhone Developer";
				COPY_PHASE_STRIP = NO;
				DEBUG_INFORMATION_FORMAT = dwarf;
				ENABLE_STRICT_OBJC_MSGSEND = YES;
				ENABLE_TESTABILITY = YES;
				GCC_C_LANGUAGE_STANDARD = gnu11;
				GCC_DYNAMIC_NO_PIC = NO;
				GCC_NO_COMMON_BLOCKS = YES;
				GCC_OPTIMIZATION_LEVEL = 0;
				GCC_PREPROCESSOR_DEFINITIONS = (
					"DEBUG=1",
					"$(inherited)",
				);
				GCC_WARN_64_TO_32_BIT_CONVERSION = YES;
				GCC_WARN_ABOUT_RETURN_TYPE = YES_ERROR;
				GCC_WARN_UNDECLARED_SELECTOR = YES;
				GCC_WARN_UNINITIALIZED_AUTOS = YES_AGGRESSIVE;
				GCC_WARN_UNUSED_FUNCTION = YES;
				GCC_WARN_UNUSED_VARIABLE = YES;
				IPHONEOS_DEPLOYMENT_TARGET = 12.0;
				MTL_ENABLE_DEBUG_INFO = INCLUDE_SOURCE;
				MTL_FAST_MATH = YES;
				ONLY_ACTIVE_ARCH = YES;
				SDKROOT = iphoneos;
				SWIFT_ACTIVE_COMPILATION_CONDITIONS = DEBUG;
				SWIFT_OPTIMIZATION_LEVEL = "-Onone";
			};
			name = Debug;
		};
		F4CF0E6021307ADE0017E405 /* Release */ = {
			isa = XCBuildConfiguration;
			buildSettings = {
				ALWAYS_SEARCH_USER_PATHS = NO;
				CLANG_ANALYZER_NONNULL = YES;
				CLANG_ANALYZER_NUMBER_OBJECT_CONVERSION = YES_AGGRESSIVE;
				CLANG_CXX_LANGUAGE_STANDARD = "gnu++14";
				CLANG_CXX_LIBRARY = "libc++";
				CLANG_ENABLE_MODULES = YES;
				CLANG_ENABLE_OBJC_ARC = YES;
				CLANG_ENABLE_OBJC_WEAK = YES;
				CLANG_WARN_BLOCK_CAPTURE_AUTORELEASING = YES;
				CLANG_WARN_BOOL_CONVERSION = YES;
				CLANG_WARN_COMMA = YES;
				CLANG_WARN_CONSTANT_CONVERSION = YES;
				CLANG_WARN_DEPRECATED_OBJC_IMPLEMENTATIONS = YES;
				CLANG_WARN_DIRECT_OBJC_ISA_USAGE = YES_ERROR;
				CLANG_WARN_DOCUMENTATION_COMMENTS = YES;
				CLANG_WARN_EMPTY_BODY = YES;
				CLANG_WARN_ENUM_CONVERSION = YES;
				CLANG_WARN_INFINITE_RECURSION = YES;
				CLANG_WARN_INT_CONVERSION = YES;
				CLANG_WARN_NON_LITERAL_NULL_CONVERSION = YES;
				CLANG_WARN_OBJC_IMPLICIT_RETAIN_SELF = YES;
				CLANG_WARN_OBJC_LITERAL_CONVERSION = YES;
				CLANG_WARN_OBJC_ROOT_CLASS = YES_ERROR;
				CLANG_WARN_RANGE_LOOP_ANALYSIS = YES;
				CLANG_WARN_STRICT_PROTOTYPES = YES;
				CLANG_WARN_SUSPICIOUS_MOVE = YES;
				CLANG_WARN_UNGUARDED_AVAILABILITY = YES_AGGRESSIVE;
				CLANG_WARN_UNREACHABLE_CODE = YES;
				CLANG_WARN__DUPLICATE_METHOD_MATCH = YES;
				CODE_SIGN_IDENTITY = "iPhone Developer";
				COPY_PHASE_STRIP = NO;
				DEBUG_INFORMATION_FORMAT = "dwarf-with-dsym";
				ENABLE_NS_ASSERTIONS = NO;
				ENABLE_STRICT_OBJC_MSGSEND = YES;
				GCC_C_LANGUAGE_STANDARD = gnu11;
				GCC_NO_COMMON_BLOCKS = YES;
				GCC_WARN_64_TO_32_BIT_CONVERSION = YES;
				GCC_WARN_ABOUT_RETURN_TYPE = YES_ERROR;
				GCC_WARN_UNDECLARED_SELECTOR = YES;
				GCC_WARN_UNINITIALIZED_AUTOS = YES_AGGRESSIVE;
				GCC_WARN_UNUSED_FUNCTION = YES;
				GCC_WARN_UNUSED_VARIABLE = YES;
				IPHONEOS_DEPLOYMENT_TARGET = 12.0;
				MTL_ENABLE_DEBUG_INFO = NO;
				MTL_FAST_MATH = YES;
				SDKROOT = iphoneos;
				SWIFT_COMPILATION_MODE = wholemodule;
				SWIFT_OPTIMIZATION_LEVEL = "-O";
				VALIDATE_PRODUCT = YES;
			};
			name = Release;
		};
		F4CF0E6221307ADE0017E405 /* Debug */ = {
			isa = XCBuildConfiguration;
			baseConfigurationReference = D16FA5BA7E6E071DBFB3AA06 /* Pods-TetrisDiffingCompetition.debug.xcconfig */;
			buildSettings = {
				ASSETCATALOG_COMPILER_APPICON_NAME = AppIcon;
				CODE_SIGN_STYLE = Manual;
				DEVELOPMENT_TEAM = "";
				INFOPLIST_FILE = TetrisDiffingCompetition/Main/Info.plist;
				IPHONEOS_DEPLOYMENT_TARGET = 11.0;
				LD_RUNPATH_SEARCH_PATHS = (
					"$(inherited)",
					"@executable_path/Frameworks",
				);
				PRODUCT_BUNDLE_IDENTIFIER = tech.skagedal.TetrisDiffingCompetition;
				PRODUCT_NAME = "$(TARGET_NAME)";
				PROVISIONING_PROFILE_SPECIFIER = "";
				SWIFT_VERSION = 4.2;
				TARGETED_DEVICE_FAMILY = "1,2";
			};
			name = Debug;
		};
		F4CF0E6321307ADE0017E405 /* Release */ = {
			isa = XCBuildConfiguration;
			baseConfigurationReference = CF215A6B6807AE060E3DF3C3 /* Pods-TetrisDiffingCompetition.release.xcconfig */;
			buildSettings = {
				ASSETCATALOG_COMPILER_APPICON_NAME = AppIcon;
				CODE_SIGN_STYLE = Manual;
				DEVELOPMENT_TEAM = "";
				INFOPLIST_FILE = TetrisDiffingCompetition/Main/Info.plist;
				IPHONEOS_DEPLOYMENT_TARGET = 11.0;
				LD_RUNPATH_SEARCH_PATHS = (
					"$(inherited)",
					"@executable_path/Frameworks",
				);
				PRODUCT_BUNDLE_IDENTIFIER = tech.skagedal.TetrisDiffingCompetition;
				PRODUCT_NAME = "$(TARGET_NAME)";
				PROVISIONING_PROFILE_SPECIFIER = "";
				SWIFT_VERSION = 4.2;
				TARGETED_DEVICE_FAMILY = "1,2";
			};
			name = Release;
		};
/* End XCBuildConfiguration section */

/* Begin XCConfigurationList section */
		F4CF0E4A21307ADC0017E405 /* Build configuration list for PBXProject "TetrisDiffingCompetition" */ = {
			isa = XCConfigurationList;
			buildConfigurations = (
				F4CF0E5F21307ADE0017E405 /* Debug */,
				F4CF0E6021307ADE0017E405 /* Release */,
			);
			defaultConfigurationIsVisible = 0;
			defaultConfigurationName = Release;
		};
		F4CF0E6121307ADE0017E405 /* Build configuration list for PBXNativeTarget "TetrisDiffingCompetition" */ = {
			isa = XCConfigurationList;
			buildConfigurations = (
				F4CF0E6221307ADE0017E405 /* Debug */,
				F4CF0E6321307ADE0017E405 /* Release */,
			);
			defaultConfigurationIsVisible = 0;
			defaultConfigurationName = Release;
		};
/* End XCConfigurationList section */
	};
	rootObject = F4CF0E4721307ADC0017E405 /* Project object */;
}
